{
  "name": "my-webpack-project",
  "version": "1.0.0",
  "lockfileVersion": 2,
  "requires": true,
  "packages": {
    "": {
      "name": "my-webpack-project",
      "version": "1.0.0",
      "license": "ISC",
      "devDependencies": {
        "@autojs/types-pro8": "^8.8.0"
      }
    },
    "node_modules/@autojs/types-pro8": {
      "version": "8.8.0",
      "dev": true,
      "license": "UNLICENSED"
    }
  },
  "dependencies": {
    "@autojs/types-pro8": {
      "version": "8.8.0",
      "dev": true
    }
  }
}
